{
  "lockfileVersion": 1,
  "configVersion": 1,
  "workspaces": {
    "": {
      "name": "custom-podcast-feeds",
      "dependencies": {
        "fast-xml-parser": "^5.4.1",
        "yaml": "^2.8.2",
      },
    },
  },
  "packages": {
    "fast-xml-builder": ["fast-xml-builder@1.0.0", "", {}, "sha512-fpZuDogrAgnyt9oDDz+5DBz0zgPdPZz6D4IR7iESxRXElrlGTRkHJ9eEt+SACRJwT0FNFrt71DFQIUFBJfX/uQ=="],

    "fast-xml-parser": ["fast-xml-parser@5.4.1", "", { "dependencies": { "fast-xml-builder": "^1.0.0", "strnum": "^2.1.2" }, "bin": { "fxparser": "src/cli/cli.js" } }, "sha512-BQ30U1mKkvXQXXkAGcuyUA/GA26oEB7NzOtsxCDtyu62sjGw5QraKFhx2Em3WQNjPw9PG6MQ9yuIIgkSDfGu5A=="],

    "strnum": ["strnum@2.1.2", "", {}, "sha512-l63NF9y/cLROq/yqKXSLtcMeeyOfnSQlfMSlzFt/K73oIaD8DGaQWd7Z34X9GPiKqP5rbSh84Hl4bOlLcjiSrQ=="],

    "yaml": ["yaml@2.8.2", "", { "bin": { "yaml": "bin.mjs" } }, "sha512-mplynKqc1C2hTVYxd0PU2xQAc22TI1vShAYGksCCfxbn/dFwnHTNi1bvYsBTkhdUNtGIf5xNOg938rrSSYvS9A=="],
  }
}
